
Microsoft Visual Studio Solution File, Format Version 12.00
# Visual Studio Version 17
VisualStudioVersion = 17.8.34525.116
MinimumVisualStudioVersion = 10.0.40219.1
Project("{FAE04EC0-301F-11D3-BF4B-00C04F79EFBC}") = "TodoapiKontaktyTest", "TodoapiKontaktyTest.csproj", "{EB42C90F-33BF-4026-B346-BE170DB773CA}"
EndProject
Global
	GlobalSection(SolutionConfigurationPlatforms) = preSolution
		Debug|Any CPU = Debug|Any CPU
		Release|Any CPU = Release|Any CPU
	EndGlobalSection
	GlobalSection(ProjectConfigurationPlatforms) = postSolution
		{EB42C90F-33BF-4026-B346-BE170DB773CA}.Debug|Any CPU.ActiveCfg = Debug|Any CPU
		{EB42C90F-33BF-4026-B346-BE170DB773CA}.Debug|Any CPU.Build.0 = Debug|Any CPU
		{EB42C90F-33BF-4026-B346-BE170DB773CA}.Release|Any CPU.ActiveCfg = Release|Any CPU
		{EB42C90F-33BF-4026-B346-BE170DB773CA}.Release|Any CPU.Build.0 = Release|Any CPU
	EndGlobalSection
	GlobalSection(SolutionProperties) = preSolution
		HideSolutionNode = FALSE
	EndGlobalSection
	GlobalSection(ExtensibilityGlobals) = postSolution
		SolutionGuid = {AF56759C-6DED-452B-A3CD-55315687E527}
	EndGlobalSection
EndGlobal
